
Microsoft Visual Studio Solution File, Format Version 12.00
# Visual Studio 15
VisualStudioVersion = 15.0.26228.9
MinimumVisualStudioVersion = 10.0.40219.1
Project("{FAE04EC0-301F-11D3-BF4B-00C04F79EFBC}") = "CarDealership.UI", "CarDealership\CarDealership.UI.csproj", "{E79EA2CB-C09C-4C30-90F4-D0BFC70E4D03}"
EndProject
Project("{FAE04EC0-301F-11D3-BF4B-00C04F79EFBC}") = "CarDealership.DAL", "CarDealership.DAL\CarDealership.DAL.csproj", "{5D950E00-2914-48B7-96F2-124AD133EBC4}"
EndProject
Project("{FAE04EC0-301F-11D3-BF4B-00C04F79EFBC}") = "CarDealership.Tests", "CarDealership.Tests\CarDealership.Tests.csproj", "{EB5CC33B-9905-4E6C-AA36-19832F181BBF}"
EndProject
Project("{FAE04EC0-301F-11D3-BF4B-00C04F79EFBC}") = "CarDealership.Models", "CarDealership.Models\CarDealership.Models.csproj", "{FCDE121A-8A21-41A0-82B6-AF8FB392EA13}"
EndProject
Global
	GlobalSection(SolutionConfigurationPlatforms) = preSolution
		Debug|Any CPU = Debug|Any CPU
		Release|Any CPU = Release|Any CPU
	EndGlobalSection
	GlobalSection(ProjectConfigurationPlatforms) = postSolution
		{E79EA2CB-C09C-4C30-90F4-D0BFC70E4D03}.Debug|Any CPU.ActiveCfg = Debug|Any CPU
		{E79EA2CB-C09C-4C30-90F4-D0BFC70E4D03}.Debug|Any CPU.Build.0 = Debug|Any CPU
		{E79EA2CB-C09C-4C30-90F4-D0BFC70E4D03}.Release|Any CPU.ActiveCfg = Release|Any CPU
		{E79EA2CB-C09C-4C30-90F4-D0BFC70E4D03}.Release|Any CPU.Build.0 = Release|Any CPU
		{5D950E00-2914-48B7-96F2-124AD133EBC4}.Debug|Any CPU.ActiveCfg = Debug|Any CPU
		{5D950E00-2914-48B7-96F2-124AD133EBC4}.Debug|Any CPU.Build.0 = Debug|Any CPU
		{5D950E00-2914-48B7-96F2-124AD133EBC4}.Release|Any CPU.ActiveCfg = Release|Any CPU
		{5D950E00-2914-48B7-96F2-124AD133EBC4}.Release|Any CPU.Build.0 = Release|Any CPU
		{EB5CC33B-9905-4E6C-AA36-19832F181BBF}.Debug|Any CPU.ActiveCfg = Debug|Any CPU
		{EB5CC33B-9905-4E6C-AA36-19832F181BBF}.Debug|Any CPU.Build.0 = Debug|Any CPU
		{EB5CC33B-9905-4E6C-AA36-19832F181BBF}.Release|Any CPU.ActiveCfg = Release|Any CPU
		{EB5CC33B-9905-4E6C-AA36-19832F181BBF}.Release|Any CPU.Build.0 = Release|Any CPU
		{FCDE121A-8A21-41A0-82B6-AF8FB392EA13}.Debug|Any CPU.ActiveCfg = Debug|Any CPU
		{FCDE121A-8A21-41A0-82B6-AF8FB392EA13}.Debug|Any CPU.Build.0 = Debug|Any CPU
		{FCDE121A-8A21-41A0-82B6-AF8FB392EA13}.Release|Any CPU.ActiveCfg = Release|Any CPU
		{FCDE121A-8A21-41A0-82B6-AF8FB392EA13}.Release|Any CPU.Build.0 = Release|Any CPU
	EndGlobalSection
	GlobalSection(SolutionProperties) = preSolution
		HideSolutionNode = FALSE
	EndGlobalSection
EndGlobal
