
Microsoft Visual Studio Solution File, Format Version 12.00
# Visual Studio 14
VisualStudioVersion = 14.0.25420.1
MinimumVisualStudioVersion = 10.0.40219.1
Project("{FAE04EC0-301F-11D3-BF4B-00C04F79EFBC}") = "StringCalculatorKata.Tests", "StringCalculatorKata.Tests\StringCalculatorKata.Tests.csproj", "{22DBA984-5100-4691-98FA-EA55271649AF}"
EndProject
Project("{FAE04EC0-301F-11D3-BF4B-00C04F79EFBC}") = "StringCalculatorKata.BLL", "StringCalculatorKata.BLL\StringCalculatorKata.BLL.csproj", "{1C441658-AC91-4DBA-B21C-BCF2565DDE64}"
EndProject
Global
	GlobalSection(SolutionConfigurationPlatforms) = preSolution
		Debug|Any CPU = Debug|Any CPU
		Release|Any CPU = Release|Any CPU
	EndGlobalSection
	GlobalSection(ProjectConfigurationPlatforms) = postSolution
		{22DBA984-5100-4691-98FA-EA55271649AF}.Debug|Any CPU.ActiveCfg = Debug|Any CPU
		{22DBA984-5100-4691-98FA-EA55271649AF}.Debug|Any CPU.Build.0 = Debug|Any CPU
		{22DBA984-5100-4691-98FA-EA55271649AF}.Release|Any CPU.ActiveCfg = Release|Any CPU
		{22DBA984-5100-4691-98FA-EA55271649AF}.Release|Any CPU.Build.0 = Release|Any CPU
		{1C441658-AC91-4DBA-B21C-BCF2565DDE64}.Debug|Any CPU.ActiveCfg = Debug|Any CPU
		{1C441658-AC91-4DBA-B21C-BCF2565DDE64}.Debug|Any CPU.Build.0 = Debug|Any CPU
		{1C441658-AC91-4DBA-B21C-BCF2565DDE64}.Release|Any CPU.ActiveCfg = Release|Any CPU
		{1C441658-AC91-4DBA-B21C-BCF2565DDE64}.Release|Any CPU.Build.0 = Release|Any CPU
	EndGlobalSection
	GlobalSection(SolutionProperties) = preSolution
		HideSolutionNode = FALSE
	EndGlobalSection
EndGlobal
